
Microsoft Visual Studio Solution File, Format Version 12.00
# Visual Studio 15
VisualStudioVersion = 15.0.27703.2035
MinimumVisualStudioVersion = 10.0.40219.1
Project("{FAE04EC0-301F-11D3-BF4B-00C04F79EFBC}") = "ChatBot_SfB_AI", "ChatBot_SfB_AI\ChatBot_SfB_AI.csproj", "{1C95FCA0-6B71-480E-B66A-EF8DFBF39227}"
EndProject
Global
	GlobalSection(SolutionConfigurationPlatforms) = preSolution
		Debug|Any CPU = Debug|Any CPU
		Release|Any CPU = Release|Any CPU
	EndGlobalSection
	GlobalSection(ProjectConfigurationPlatforms) = postSolution
		{1C95FCA0-6B71-480E-B66A-EF8DFBF39227}.Debug|Any CPU.ActiveCfg = Debug|Any CPU
		{1C95FCA0-6B71-480E-B66A-EF8DFBF39227}.Debug|Any CPU.Build.0 = Debug|Any CPU
		{1C95FCA0-6B71-480E-B66A-EF8DFBF39227}.Release|Any CPU.ActiveCfg = Release|Any CPU
		{1C95FCA0-6B71-480E-B66A-EF8DFBF39227}.Release|Any CPU.Build.0 = Release|Any CPU
	EndGlobalSection
	GlobalSection(SolutionProperties) = preSolution
		HideSolutionNode = FALSE
	EndGlobalSection
	GlobalSection(ExtensibilityGlobals) = postSolution
		SolutionGuid = {BA13E62C-A851-4846-9F19-F2680621A2C7}
	EndGlobalSection
EndGlobal
